// !$*UTF8*$!
{
	archiveVersion = 1;
	classes = {
	};
	objectVersion = 51;
	objects = {

/* Begin PBXBuildFile section */
		11E21A67265BACA8004F27E7 /* AppDelegate.swift in Sources */ = {isa = PBXBuildFile; fileRef = 11E21A66265BACA8004F27E7 /* AppDelegate.swift */; };
		11E21A69265BACA8004F27E7 /* SceneDelegate.swift in Sources */ = {isa = PBXBuildFile; fileRef = 11E21A68265BACA8004F27E7 /* SceneDelegate.swift */; };
		11E21A6B265BACA8004F27E7 /* ViewController.swift in Sources */ = {isa = PBXBuildFile; fileRef = 11E21A6A265BACA8004F27E7 /* ViewController.swift */; };
		11E21A6E265BACA8004F27E7 /* Main.storyboard in Resources */ = {isa = PBXBuildFile; fileRef = 11E21A6C265BACA8004F27E7 /* Main.storyboard */; };
		11E21A70265BACAC004F27E7 /* Assets.xcassets in Resources */ = {isa = PBXBuildFile; fileRef = 11E21A6F265BACAC004F27E7 /* Assets.xcassets */; };
		11E21A83265BC3B5004F27E7 /* Utility.swift in Sources */ = {isa = PBXBuildFile; fileRef = 11E21A82265BC3B5004F27E7 /* Utility.swift */; };
		E41B7191399FA820F6C682F2 /* Pods_NeworkAvailibility.framework in Frameworks */ = {isa = PBXBuildFile; fileRef = AC958B62BE2ABBBDD5E8D067 /* Pods_NeworkAvailibility.framework */; };
/* End PBXBuildFile section */

/* Begin PBXFileReference section */
		11E21A63265BACA8004F27E7 /* NeworkAvailibility.app */ = {isa = PBXFileReference; explicitFileType = wrapper.application; includeInIndex = 0; path = NeworkAvailibility.app; sourceTree = BUILT_PRODUCTS_DIR; };
		11E21A66265BACA8004F27E7 /* AppDelegate.swift */ = {isa = PBXFileReference; lastKnownFileType = sourcecode.swift; path = AppDelegate.swift; sourceTree = "<group>"; };
		11E21A68265BACA8004F27E7 /* SceneDelegate.swift */ = {isa = PBXFileReference; lastKnownFileType = sourcecode.swift; path = SceneDelegate.swift; sourceTree = "<group>"; };
		11E21A6A265BACA8004F27E7 /* ViewController.swift */ = {isa = PBXFileReference; lastKnownFileType = sourcecode.swift; path = ViewController.swift; sourceTree = "<group>"; };
		11E21A6D265BACA8004F27E7 /* Base */ = {isa = PBXFileReference; lastKnownFileType = file.storyboard; name = Base; path = Base.lproj/Main.storyboard; sourceTree = "<group>"; };
		11E21A6F265BACAC004F27E7 /* Assets.xcassets */ = {isa = PBXFileReference; lastKnownFileType = folder.assetcatalog; path = Assets.xcassets; sourceTree = "<group>"; };
		11E21A74265BACAC004F27E7 /* Info.plist */ = {isa = PBXFileReference; lastKnownFileType = text.plist.xml; path = Info.plist; sourceTree = "<group>"; };
		11E21A82265BC3B5004F27E7 /* Utility.swift */ = {isa = PBXFileReference; lastKnownFileType = sourcecode.swift; path = Utility.swift; sourceTree = "<group>"; };
		266EBB18DBEE8FF481EA9943 /* Pods-NeworkAvailibility.release.xcconfig */ = {isa = PBXFileReference; includeInIndex = 1; lastKnownFileType = text.xcconfig; name = "Pods-NeworkAvailibility.release.xcconfig"; path = "Target Support Files/Pods-NeworkAvailibility/Pods-NeworkAvailibility.release.xcconfig"; sourceTree = "<group>"; };
		9FDB6DDD36CB33B7599211D7 /* Pods-NeworkAvailibility.debug.xcconfig */ = {isa = PBXFileReference; includeInIndex = 1; lastKnownFileType = text.xcconfig; name = "Pods-NeworkAvailibility.debug.xcconfig"; path = "Target Support Files/Pods-NeworkAvailibility/Pods-NeworkAvailibility.debug.xcconfig"; sourceTree = "<group>"; };
		AC958B62BE2ABBBDD5E8D067 /* Pods_NeworkAvailibility.framework */ = {isa = PBXFileReference; explicitFileType = wrapper.framework; includeInIndex = 0; path = Pods_NeworkAvailibility.framework; sourceTree = BUILT_PRODUCTS_DIR; };
/* End PBXFileReference section */

/* Begin PBXFrameworksBuildPhase section */
		11E21A60265BACA8004F27E7 /* Frameworks */ = {
			isa = PBXFrameworksBuildPhase;
			buildActionMask = 2147483647;
			files = (
				E41B7191399FA820F6C682F2 /* Pods_NeworkAvailibility.framework in Frameworks */,
			);
			runOnlyForDeploymentPostprocessing = 0;
		};
/* End PBXFrameworksBuildPhase section */

/* Begin PBXGroup section */
		11E21A5A265BACA8004F27E7 = {
			isa = PBXGroup;
			children = (
				11E21A65265BACA8004F27E7 /* NeworkAvailibility */,
				11E21A64265BACA8004F27E7 /* Products */,
				B537FC3934CB4F4836B6C938 /* Pods */,
				175D56C512642DF8AB76BA46 /* Frameworks */,
			);
			sourceTree = "<group>";
		};
		11E21A64265BACA8004F27E7 /* Products */ = {
			isa = PBXGroup;
			children = (
				11E21A63265BACA8004F27E7 /* NeworkAvailibility.app */,
			);
			name = Products;
			sourceTree = "<group>";
		};
		11E21A65265BACA8004F27E7 /* NeworkAvailibility */ = {
			isa = PBXGroup;
			children = (
				11E21A66265BACA8004F27E7 /* AppDelegate.swift */,
				11E21A68265BACA8004F27E7 /* SceneDelegate.swift */,
				11E21A6A265BACA8004F27E7 /* ViewController.swift */,
				11E21A6C265BACA8004F27E7 /* Main.storyboard */,
				11E21A6F265BACAC004F27E7 /* Assets.xcassets */,
				11E21A74265BACAC004F27E7 /* Info.plist */,
				11E21A82265BC3B5004F27E7 /* Utility.swift */,
			);
			path = NeworkAvailibility;
			sourceTree = "<group>";
		};
		175D56C512642DF8AB76BA46 /* Frameworks */ = {
			isa = PBXGroup;
			children = (
				AC958B62BE2ABBBDD5E8D067 /* Pods_NeworkAvailibility.framework */,
			);
			name = Frameworks;
			sourceTree = "<group>";
		};
		B537FC3934CB4F4836B6C938 /* Pods */ = {
			isa = PBXGroup;
			children = (
				9FDB6DDD36CB33B7599211D7 /* Pods-NeworkAvailibility.debug.xcconfig */,
				266EBB18DBEE8FF481EA9943 /* Pods-NeworkAvailibility.release.xcconfig */,
			);
			path = Pods;
			sourceTree = "<group>";
		};
/* End PBXGroup section */

/* Begin PBXNativeTarget section */
		11E21A62265BACA8004F27E7 /* NeworkAvailibility */ = {
			isa = PBXNativeTarget;
			buildConfigurationList = 11E21A77265BACAC004F27E7 /* Build configuration list for PBXNativeTarget "NeworkAvailibility" */;
			buildPhases = (
				AC83C5063DC627F4A841ACCE /* [CP] Check Pods Manifest.lock */,
				11E21A5F265BACA8004F27E7 /* Sources */,
				11E21A60265BACA8004F27E7 /* Frameworks */,
				11E21A61265BACA8004F27E7 /* Resources */,
				339F5B2F8B6166EBF578E430 /* [CP] Embed Pods Frameworks */,
			);
			buildRules = (
			);
			dependencies = (
			);
			name = NeworkAvailibility;
			productName = NeworkAvailibility;
			productReference = 11E21A63265BACA8004F27E7 /* NeworkAvailibility.app */;
			productType = "com.apple.product-type.application";
		};
/* End PBXNativeTarget section */

/* Begin PBXProject section */
		11E21A5B265BACA8004F27E7 /* Project object */ = {
			isa = PBXProject;
			attributes = {
				LastSwiftUpdateCheck = 1220;
				LastUpgradeCheck = 1220;
				TargetAttributes = {
					11E21A62265BACA8004F27E7 = {
						CreatedOnToolsVersion = 12.2;
					};
				};
			};
			buildConfigurationList = 11E21A5E265BACA8004F27E7 /* Build configuration list for PBXProject "NeworkAvailibility" */;
			compatibilityVersion = "Xcode 9.3";
			developmentRegion = en;
			hasScannedForEncodings = 0;
			knownRegions = (
				en,
				Base,
			);
			mainGroup = 11E21A5A265BACA8004F27E7;
			productRefGroup = 11E21A64265BACA8004F27E7 /* Products */;
			projectDirPath = "";
			projectRoot = "";
			targets = (
				11E21A62265BACA8004F27E7 /* NeworkAvailibility */,
			);
		};
/* End PBXProject section */

/* Begin PBXResourcesBuildPhase section */
		11E21A61265BACA8004F27E7 /* Resources */ = {
			isa = PBXResourcesBuildPhase;
			buildActionMask = 2147483647;
			files = (
				11E21A70265BACAC004F27E7 /* Assets.xcassets in Resources */,
				11E21A6E265BACA8004F27E7 /* Main.storyboard in Resources */,
			);
			runOnlyForDeploymentPostprocessing = 0;
		};
/* End PBXResourcesBuildPhase section */

/* Begin PBXShellScriptBuildPhase section */
		339F5B2F8B6166EBF578E430 /* [CP] Embed Pods Frameworks */ = {
			isa = PBXShellScriptBuildPhase;
			buildActionMask = 2147483647;
			files = (
			);
			inputFileListPaths = (
				"${PODS_ROOT}/Target Support Files/Pods-NeworkAvailibility/Pods-NeworkAvailibility-frameworks-${CONFIGURATION}-input-files.xcfilelist",
			);
			name = "[CP] Embed Pods Frameworks";
			outputFileListPaths = (
				"${PODS_ROOT}/Target Support Files/Pods-NeworkAvailibility/Pods-NeworkAvailibility-frameworks-${CONFIGURATION}-output-files.xcfilelist",
			);
			runOnlyForDeploymentPostprocessing = 0;
			shellPath = /bin/sh;
			shellScript = "\"${PODS_ROOT}/Target Support Files/Pods-NeworkAvailibility/Pods-NeworkAvailibility-frameworks.sh\"\n";
			showEnvVarsInLog = 0;
		};
		AC83C5063DC627F4A841ACCE /* [CP] Check Pods Manifest.lock */ = {
			isa = PBXShellScriptBuildPhase;
			buildActionMask = 2147483647;
			files = (
			);
			inputFileListPaths = (
			);
			inputPaths = (
				"${PODS_PODFILE_DIR_PATH}/Podfile.lock",
				"${PODS_ROOT}/Manifest.lock",
			);
			name = "[CP] Check Pods Manifest.lock";
			outputFileListPaths = (
			);
			outputPaths = (
				"$(DERIVED_FILE_DIR)/Pods-NeworkAvailibility-checkManifestLockResult.txt",
			);
			runOnlyForDeploymentPostprocessing = 0;
			shellPath = /bin/sh;
			shellScript = "diff \"${PODS_PODFILE_DIR_PATH}/Podfile.lock\" \"${PODS_ROOT}/Manifest.lock\" > /dev/null\nif [ $? != 0 ] ; then\n    # print error to STDERR\n    echo \"error: The sandbox is not in sync with the Podfile.lock. Run 'pod install' or update your CocoaPods installation.\" >&2\n    exit 1\nfi\n# This output is used by Xcode 'outputs' to avoid re-running this script phase.\necho \"SUCCESS\" > \"${SCRIPT_OUTPUT_FILE_0}\"\n";
			showEnvVarsInLog = 0;
		};
/* End PBXShellScriptBuildPhase section */

/* Begin PBXSourcesBuildPhase section */
		11E21A5F265BACA8004F27E7 /* Sources */ = {
			isa = PBXSourcesBuildPhase;
			buildActionMask = 2147483647;
			files = (
				11E21A83265BC3B5004F27E7 /* Utility.swift in Sources */,
				11E21A6B265BACA8004F27E7 /* ViewController.swift in Sources */,
				11E21A67265BACA8004F27E7 /* AppDelegate.swift in Sources */,
				11E21A69265BACA8004F27E7 /* SceneDelegate.swift in Sources */,
			);
			runOnlyForDeploymentPostprocessing = 0;
		};
/* End PBXSourcesBuildPhase section */

/* Begin PBXVariantGroup section */
		11E21A6C265BACA8004F27E7 /* Main.storyboard */ = {
			isa = PBXVariantGroup;
			children = (
				11E21A6D265BACA8004F27E7 /* Base */,
			);
			name = Main.storyboard;
			sourceTree = "<group>";
		};
/* End PBXVariantGroup section */

/* Begin XCBuildConfiguration section */
		11E21A75265BACAC004F27E7 /* Debug */ = {
			isa = XCBuildConfiguration;
			buildSettings = {
				ALWAYS_SEARCH_USER_PATHS = NO;
				CLANG_ANALYZER_NONNULL = YES;
				CLANG_ANALYZER_NUMBER_OBJECT_CONVERSION = YES_AGGRESSIVE;
				CLANG_CXX_LANGUAGE_STANDARD = "gnu++14";
				CLANG_CXX_LIBRARY = "libc++";
				CLANG_ENABLE_MODULES = YES;
				CLANG_ENABLE_OBJC_ARC = YES;
				CLANG_ENABLE_OBJC_WEAK = YES;
				CLANG_WARN_BLOCK_CAPTURE_AUTORELEASING = YES;
				CLANG_WARN_BOOL_CONVERSION = YES;
				CLANG_WARN_COMMA = YES;
				CLANG_WARN_CONSTANT_CONVERSION = YES;
				CLANG_WARN_DEPRECATED_OBJC_IMPLEMENTATIONS = YES;
				CLANG_WARN_DIRECT_OBJC_ISA_USAGE = YES_ERROR;
				CLANG_WARN_DOCUMENTATION_COMMENTS = YES;
				CLANG_WARN_EMPTY_BODY = YES;
				CLANG_WARN_ENUM_CONVERSION = YES;
				CLANG_WARN_INFINITE_RECURSION = YES;
				CLANG_WARN_INT_CONVERSION = YES;
				CLANG_WARN_NON_LITERAL_NULL_CONVERSION = YES;
				CLANG_WARN_OBJC_IMPLICIT_RETAIN_SELF = YES;
				CLANG_WARN_OBJC_LITERAL_CONVERSION = YES;
				CLANG_WARN_OBJC_ROOT_CLASS = YES_ERROR;
				CLANG_WARN_QUOTED_INCLUDE_IN_FRAMEWORK_HEADER = YES;
				CLANG_WARN_RANGE_LOOP_ANALYSIS = YES;
				CLANG_WARN_STRICT_PROTOTYPES = YES;
				CLANG_WARN_SUSPICIOUS_MOVE = YES;
				CLANG_WARN_UNGUARDED_AVAILABILITY = YES_AGGRESSIVE;
				CLANG_WARN_UNREACHABLE_CODE = YES;
				CLANG_WARN__DUPLICATE_METHOD_MATCH = YES;
				COPY_PHASE_STRIP = NO;
				DEBUG_INFORMATION_FORMAT = dwarf;
				ENABLE_STRICT_OBJC_MSGSEND = YES;
				ENABLE_TESTABILITY = YES;
				GCC_C_LANGUAGE_STANDARD = gnu11;
				GCC_DYNAMIC_NO_PIC = NO;
				GCC_NO_COMMON_BLOCKS = YES;
				GCC_OPTIMIZATION_LEVEL = 0;
				GCC_PREPROCESSOR_DEFINITIONS = (
					"DEBUG=1",
					"$(inherited)",
				);
				GCC_WARN_64_TO_32_BIT_CONVERSION = YES;
				GCC_WARN_ABOUT_RETURN_TYPE = YES_ERROR;
				GCC_WARN_UNDECLARED_SELECTOR = YES;
				GCC_WARN_UNINITIALIZED_AUTOS = YES_AGGRESSIVE;
				GCC_WARN_UNUSED_FUNCTION = YES;
				GCC_WARN_UNUSED_VARIABLE = YES;
				IPHONEOS_DEPLOYMENT_TARGET = 14.2;
				MTL_ENABLE_DEBUG_INFO = INCLUDE_SOURCE;
				MTL_FAST_MATH = YES;
				ONLY_ACTIVE_ARCH = YES;
				SDKROOT = iphoneos;
				SWIFT_ACTIVE_COMPILATION_CONDITIONS = DEBUG;
				SWIFT_OPTIMIZATION_LEVEL = "-Onone";
			};
			name = Debug;
		};
		11E21A76265BACAC004F27E7 /* Release */ = {
			isa = XCBuildConfiguration;
			buildSettings = {
				ALWAYS_SEARCH_USER_PATHS = NO;
				CLANG_ANALYZER_NONNULL = YES;
				CLANG_ANALYZER_NUMBER_OBJECT_CONVERSION = YES_AGGRESSIVE;
				CLANG_CXX_LANGUAGE_STANDARD = "gnu++14";
				CLANG_CXX_LIBRARY = "libc++";
				CLANG_ENABLE_MODULES = YES;
				CLANG_ENABLE_OBJC_ARC = YES;
				CLANG_ENABLE_OBJC_WEAK = YES;
				CLANG_WARN_BLOCK_CAPTURE_AUTORELEASING = YES;
				CLANG_WARN_BOOL_CONVERSION = YES;
				CLANG_WARN_COMMA = YES;
				CLANG_WARN_CONSTANT_CONVERSION = YES;
				CLANG_WARN_DEPRECATED_OBJC_IMPLEMENTATIONS = YES;
				CLANG_WARN_DIRECT_OBJC_ISA_USAGE = YES_ERROR;
				CLANG_WARN_DOCUMENTATION_COMMENTS = YES;
				CLANG_WARN_EMPTY_BODY = YES;
				CLANG_WARN_ENUM_CONVERSION = YES;
				CLANG_WARN_INFINITE_RECURSION = YES;
				CLANG_WARN_INT_CONVERSION = YES;
				CLANG_WARN_NON_LITERAL_NULL_CONVERSION = YES;
				CLANG_WARN_OBJC_IMPLICIT_RETAIN_SELF = YES;
				CLANG_WARN_OBJC_LITERAL_CONVERSION = YES;
				CLANG_WARN_OBJC_ROOT_CLASS = YES_ERROR;
				CLANG_WARN_QUOTED_INCLUDE_IN_FRAMEWORK_HEADER = YES;
				CLANG_WARN_RANGE_LOOP_ANALYSIS = YES;
				CLANG_WARN_STRICT_PROTOTYPES = YES;
				CLANG_WARN_SUSPICIOUS_MOVE = YES;
				CLANG_WARN_UNGUARDED_AVAILABILITY = YES_AGGRESSIVE;
				CLANG_WARN_UNREACHABLE_CODE = YES;
				CLANG_WARN__DUPLICATE_METHOD_MATCH = YES;
				COPY_PHASE_STRIP = NO;
				DEBUG_INFORMATION_FORMAT = "dwarf-with-dsym";
				ENABLE_NS_ASSERTIONS = NO;
				ENABLE_STRICT_OBJC_MSGSEND = YES;
				GCC_C_LANGUAGE_STANDARD = gnu11;
				GCC_NO_COMMON_BLOCKS = YES;
				GCC_WARN_64_TO_32_BIT_CONVERSION = YES;
				GCC_WARN_ABOUT_RETURN_TYPE = YES_ERROR;
				GCC_WARN_UNDECLARED_SELECTOR = YES;
				GCC_WARN_UNINITIALIZED_AUTOS = YES_AGGRESSIVE;
				GCC_WARN_UNUSED_FUNCTION = YES;
				GCC_WARN_UNUSED_VARIABLE = YES;
				IPHONEOS_DEPLOYMENT_TARGET = 14.2;
				MTL_ENABLE_DEBUG_INFO = NO;
				MTL_FAST_MATH = YES;
				SDKROOT = iphoneos;
				SWIFT_COMPILATION_MODE = wholemodule;
				SWIFT_OPTIMIZATION_LEVEL = "-O";
				VALIDATE_PRODUCT = YES;
			};
			name = Release;
		};
		11E21A78265BACAC004F27E7 /* Debug */ = {
			isa = XCBuildConfiguration;
			baseConfigurationReference = 9FDB6DDD36CB33B7599211D7 /* Pods-NeworkAvailibility.debug.xcconfig */;
			buildSettings = {
				ASSETCATALOG_COMPILER_APPICON_NAME = AppIcon;
				ASSETCATALOG_COMPILER_GLOBAL_ACCENT_COLOR_NAME = AccentColor;
				CODE_SIGN_IDENTITY = "Apple Development";
				CODE_SIGN_STYLE = Automatic;
				DEVELOPMENT_TEAM = 2A66R5WWH8;
				INFOPLIST_FILE = NeworkAvailibility/Info.plist;
				IPHONEOS_DEPLOYMENT_TARGET = 14.2;
				LD_RUNPATH_SEARCH_PATHS = (
					"$(inherited)",
					"@executable_path/Frameworks",
				);
				PRODUCT_BUNDLE_IDENTIFIER = cma.NeworkAvailibility;
				PRODUCT_NAME = "$(TARGET_NAME)";
				PROVISIONING_PROFILE_SPECIFIER = "";
				SWIFT_VERSION = 5.0;
				TARGETED_DEVICE_FAMILY = "1,2";
			};
			name = Debug;
		};
		11E21A79265BACAC004F27E7 /* Release */ = {
			isa = XCBuildConfiguration;
			baseConfigurationReference = 266EBB18DBEE8FF481EA9943 /* Pods-NeworkAvailibility.release.xcconfig */;
			buildSettings = {
				ASSETCATALOG_COMPILER_APPICON_NAME = AppIcon;
				ASSETCATALOG_COMPILER_GLOBAL_ACCENT_COLOR_NAME = AccentColor;
				CODE_SIGN_IDENTITY = "Apple Development";
				CODE_SIGN_STYLE = Automatic;
				DEVELOPMENT_TEAM = 2A66R5WWH8;
				INFOPLIST_FILE = NeworkAvailibility/Info.plist;
				IPHONEOS_DEPLOYMENT_TARGET = 14.2;
				LD_RUNPATH_SEARCH_PATHS = (
					"$(inherited)",
					"@executable_path/Frameworks",
				);
				PRODUCT_BUNDLE_IDENTIFIER = cma.NeworkAvailibility;
				PRODUCT_NAME = "$(TARGET_NAME)";
				PROVISIONING_PROFILE_SPECIFIER = "";
				SWIFT_VERSION = 5.0;
				TARGETED_DEVICE_FAMILY = "1,2";
			};
			name = Release;
		};
/* End XCBuildConfiguration section */

/* Begin XCConfigurationList section */
		11E21A5E265BACA8004F27E7 /* Build configuration list for PBXProject "NeworkAvailibility" */ = {
			isa = XCConfigurationList;
			buildConfigurations = (
				11E21A75265BACAC004F27E7 /* Debug */,
				11E21A76265BACAC004F27E7 /* Release */,
			);
			defaultConfigurationIsVisible = 0;
			defaultConfigurationName = Release;
		};
		11E21A77265BACAC004F27E7 /* Build configuration list for PBXNativeTarget "NeworkAvailibility" */ = {
			isa = XCConfigurationList;
			buildConfigurations = (
				11E21A78265BACAC004F27E7 /* Debug */,
				11E21A79265BACAC004F27E7 /* Release */,
			);
			defaultConfigurationIsVisible = 0;
			defaultConfigurationName = Release;
		};
/* End XCConfigurationList section */
	};
	rootObject = 11E21A5B265BACA8004F27E7 /* Project object */;
}
